
Microsoft Visual Studio Solution File, Format Version 12.00
# Visual Studio Version 17
VisualStudioVersion = 17.4.33213.308
MinimumVisualStudioVersion = 10.0.40219.1
Project("{9A19103F-16F7-4668-BE54-9A1E7A4F7556}") = "2", "2\2.csproj", "{A0246F9A-CC26-4FD0-BCE6-4C994FFEC3A6}"
EndProject
Global
	GlobalSection(SolutionConfigurationPlatforms) = preSolution
		Debug|Any CPU = Debug|Any CPU
		Release|Any CPU = Release|Any CPU
	EndGlobalSection
	GlobalSection(ProjectConfigurationPlatforms) = postSolution
		{A0246F9A-CC26-4FD0-BCE6-4C994FFEC3A6}.Debug|Any CPU.ActiveCfg = Debug|Any CPU
		{A0246F9A-CC26-4FD0-BCE6-4C994FFEC3A6}.Debug|Any CPU.Build.0 = Debug|Any CPU
		{A0246F9A-CC26-4FD0-BCE6-4C994FFEC3A6}.Release|Any CPU.ActiveCfg = Release|Any CPU
		{A0246F9A-CC26-4FD0-BCE6-4C994FFEC3A6}.Release|Any CPU.Build.0 = Release|Any CPU
	EndGlobalSection
	GlobalSection(SolutionProperties) = preSolution
		HideSolutionNode = FALSE
	EndGlobalSection
	GlobalSection(ExtensibilityGlobals) = postSolution
		SolutionGuid = {86F80895-DD45-4427-BA0C-0F2876AF8362}
	EndGlobalSection
EndGlobal
